
Microsoft Visual Studio Solution File, Format Version 12.00
# Visual Studio Version 17
VisualStudioVersion = 17.3.32811.315
MinimumVisualStudioVersion = 10.0.40219.1
Project("{FAE04EC0-301F-11D3-BF4B-00C04F79EFBC}") = "Clear_Cash", "Clear_Cash.csproj", "{A1D8640E-38DA-41FE-8026-BB5726395C6A}"
EndProject
Global
	GlobalSection(SolutionConfigurationPlatforms) = preSolution
		Debug|Any CPU = Debug|Any CPU
		Release|Any CPU = Release|Any CPU
	EndGlobalSection
	GlobalSection(ProjectConfigurationPlatforms) = postSolution
		{A1D8640E-38DA-41FE-8026-BB5726395C6A}.Debug|Any CPU.ActiveCfg = Debug|Any CPU
		{A1D8640E-38DA-41FE-8026-BB5726395C6A}.Debug|Any CPU.Build.0 = Debug|Any CPU
		{A1D8640E-38DA-41FE-8026-BB5726395C6A}.Release|Any CPU.ActiveCfg = Release|Any CPU
		{A1D8640E-38DA-41FE-8026-BB5726395C6A}.Release|Any CPU.Build.0 = Release|Any CPU
	EndGlobalSection
	GlobalSection(SolutionProperties) = preSolution
		HideSolutionNode = FALSE
	EndGlobalSection
	GlobalSection(ExtensibilityGlobals) = postSolution
		SolutionGuid = {2753E83A-ACFD-4A2C-A61C-8B098D285E28}
	EndGlobalSection
EndGlobal
